
Microsoft Visual Studio Solution File, Format Version 12.00
# Visual Studio Version 17
VisualStudioVersion = 17.1.32319.34
MinimumVisualStudioVersion = 10.0.40219.1
Project("{FAE04EC0-301F-11D3-BF4B-00C04F79EFBC}") = "BByteSolutions.Server", "BByteSolutions\Server\BByteSolutions.Server.csproj", "{5D589EC3-EB6B-4727-A10A-1613C29B72B9}"
EndProject
Project("{FAE04EC0-301F-11D3-BF4B-00C04F79EFBC}") = "BByteSolutions.Client", "BByteSolutions\Client\BByteSolutions.Client.csproj", "{ED7BA544-330A-4F48-AD7F-2D136F917E6C}"
EndProject
Project("{FAE04EC0-301F-11D3-BF4B-00C04F79EFBC}") = "BByteSolutions.Shared", "BByteSolutions\Shared\BByteSolutions.Shared.csproj", "{27984462-957B-41D2-AECF-C377C69E721F}"
EndProject
Global
	GlobalSection(SolutionConfigurationPlatforms) = preSolution
		Debug|Any CPU = Debug|Any CPU
		Release|Any CPU = Release|Any CPU
	EndGlobalSection
	GlobalSection(ProjectConfigurationPlatforms) = postSolution
		{5D589EC3-EB6B-4727-A10A-1613C29B72B9}.Debug|Any CPU.ActiveCfg = Debug|Any CPU
		{5D589EC3-EB6B-4727-A10A-1613C29B72B9}.Debug|Any CPU.Build.0 = Debug|Any CPU
		{5D589EC3-EB6B-4727-A10A-1613C29B72B9}.Release|Any CPU.ActiveCfg = Release|Any CPU
		{5D589EC3-EB6B-4727-A10A-1613C29B72B9}.Release|Any CPU.Build.0 = Release|Any CPU
		{ED7BA544-330A-4F48-AD7F-2D136F917E6C}.Debug|Any CPU.ActiveCfg = Debug|Any CPU
		{ED7BA544-330A-4F48-AD7F-2D136F917E6C}.Debug|Any CPU.Build.0 = Debug|Any CPU
		{ED7BA544-330A-4F48-AD7F-2D136F917E6C}.Release|Any CPU.ActiveCfg = Release|Any CPU
		{ED7BA544-330A-4F48-AD7F-2D136F917E6C}.Release|Any CPU.Build.0 = Release|Any CPU
		{27984462-957B-41D2-AECF-C377C69E721F}.Debug|Any CPU.ActiveCfg = Debug|Any CPU
		{27984462-957B-41D2-AECF-C377C69E721F}.Debug|Any CPU.Build.0 = Debug|Any CPU
		{27984462-957B-41D2-AECF-C377C69E721F}.Release|Any CPU.ActiveCfg = Release|Any CPU
		{27984462-957B-41D2-AECF-C377C69E721F}.Release|Any CPU.Build.0 = Release|Any CPU
	EndGlobalSection
	GlobalSection(SolutionProperties) = preSolution
		HideSolutionNode = FALSE
	EndGlobalSection
	GlobalSection(ExtensibilityGlobals) = postSolution
		SolutionGuid = {B75AA6AD-BC89-40EF-8C84-49EC2EC19CA8}
	EndGlobalSection
EndGlobal
