
Microsoft Visual Studio Solution File, Format Version 12.00
# Visual Studio Version 17
VisualStudioVersion = 17.1.32319.34
MinimumVisualStudioVersion = 10.0.40219.1
Project("{FAE04EC0-301F-11D3-BF4B-00C04F79EFBC}") = "BByteSolutions.com", "BByteSolutions.com\BByteSolutions.com.csproj", "{F1612349-7E3E-499C-A38E-0AB549E3AFC6}"
EndProject
Global
	GlobalSection(SolutionConfigurationPlatforms) = preSolution
		Debug|Any CPU = Debug|Any CPU
		Release|Any CPU = Release|Any CPU
	EndGlobalSection
	GlobalSection(ProjectConfigurationPlatforms) = postSolution
		{F1612349-7E3E-499C-A38E-0AB549E3AFC6}.Debug|Any CPU.ActiveCfg = Debug|Any CPU
		{F1612349-7E3E-499C-A38E-0AB549E3AFC6}.Debug|Any CPU.Build.0 = Debug|Any CPU
		{F1612349-7E3E-499C-A38E-0AB549E3AFC6}.Release|Any CPU.ActiveCfg = Release|Any CPU
		{F1612349-7E3E-499C-A38E-0AB549E3AFC6}.Release|Any CPU.Build.0 = Release|Any CPU
	EndGlobalSection
	GlobalSection(SolutionProperties) = preSolution
		HideSolutionNode = FALSE
	EndGlobalSection
	GlobalSection(ExtensibilityGlobals) = postSolution
		SolutionGuid = {B75AA6AD-BC89-40EF-8C84-49EC2EC19CA8}
	EndGlobalSection
EndGlobal
